// !$*UTF8*$!
{
	archiveVersion = 1;
	classes = {
	};
	objectVersion = 46;
	objects = {

/* Begin PBXBuildFile section */
		D63313E0156C29B40001464C /* MASStatusEntryCell.m in Sources */ = {isa = PBXBuildFile; fileRef = D63313DF156C29B40001464C /* MASStatusEntryCell.m */; };
		D63313E2156C29C30001464C /* MASStatusEntryCell.xib in Resources */ = {isa = PBXBuildFile; fileRef = D63313E1156C29C30001464C /* MASStatusEntryCell.xib */; };
		D641960F156BEFE6009D6F87 /* UIKit.framework in Frameworks */ = {isa = PBXBuildFile; fileRef = D641960E156BEFE6009D6F87 /* UIKit.framework */; };
		D6419611156BEFE6009D6F87 /* Foundation.framework in Frameworks */ = {isa = PBXBuildFile; fileRef = D6419610156BEFE6009D6F87 /* Foundation.framework */; };
		D6419613156BEFE6009D6F87 /* CoreGraphics.framework in Frameworks */ = {isa = PBXBuildFile; fileRef = D6419612156BEFE6009D6F87 /* CoreGraphics.framework */; };
		D6419619156BEFE6009D6F87 /* InfoPlist.strings in Resources */ = {isa = PBXBuildFile; fileRef = D6419617156BEFE6009D6F87 /* InfoPlist.strings */; };
		D641961B156BEFE6009D6F87 /* main.m in Sources */ = {isa = PBXBuildFile; fileRef = D641961A156BEFE6009D6F87 /* main.m */; };
		D641961F156BEFE6009D6F87 /* MASAppDelegate.m in Sources */ = {isa = PBXBuildFile; fileRef = D641961E156BEFE6009D6F87 /* MASAppDelegate.m */; };
		D641963F156BF1D2009D6F87 /* MASSettings.m in Sources */ = {isa = PBXBuildFile; fileRef = D641963E156BF1D2009D6F87 /* MASSettings.m */; };
		D6419645156BF233009D6F87 /* MBProgressHUD.m in Sources */ = {isa = PBXBuildFile; fileRef = D6419643156BF233009D6F87 /* MBProgressHUD.m */; };
		D6419646156BF233009D6F87 /* MBProgressHUD.xcworkspace in Resources */ = {isa = PBXBuildFile; fileRef = D6419644156BF233009D6F87 /* MBProgressHUD.xcworkspace */; };
		D641964A156BF27D009D6F87 /* SFHFKeychainUtils.m in Sources */ = {isa = PBXBuildFile; fileRef = D6419649156BF27D009D6F87 /* SFHFKeychainUtils.m */; settings = {COMPILER_FLAGS = "-fno-objc-arc"; }; };
		D65739AD156C24AF0087D8AD /* UIColor_MASAdditions.m in Sources */ = {isa = PBXBuildFile; fileRef = D65739AC156C24AF0087D8AD /* UIColor_MASAdditions.m */; };
		D686C25A156C0796002678AE /* MASDetailViewController.m in Sources */ = {isa = PBXBuildFile; fileRef = D686C257156C0796002678AE /* MASDetailViewController.m */; };
		D686C25B156C0796002678AE /* MASMasterViewController.m in Sources */ = {isa = PBXBuildFile; fileRef = D686C259156C0796002678AE /* MASMasterViewController.m */; };
		D686C260156C07B8002678AE /* MASDetailViewController.xib in Resources */ = {isa = PBXBuildFile; fileRef = D686C25D156C07B8002678AE /* MASDetailViewController.xib */; };
		D686C261156C07B8002678AE /* MASMasterViewController.xib in Resources */ = {isa = PBXBuildFile; fileRef = D686C25E156C07B8002678AE /* MASMasterViewController.xib */; };
		D686C265156C07D8002678AE /* MASLoginViewController.m in Sources */ = {isa = PBXBuildFile; fileRef = D686C263156C07D8002678AE /* MASLoginViewController.m */; };
		D686C266156C07D8002678AE /* MASLoginViewController.xib in Resources */ = {isa = PBXBuildFile; fileRef = D686C264156C07D8002678AE /* MASLoginViewController.xib */; };
		D68D3361156C12A9009C9F78 /* MASAppCell.m in Sources */ = {isa = PBXBuildFile; fileRef = D68D3360156C12A9009C9F78 /* MASAppCell.m */; };
		D68D3364156C12BD009C9F78 /* MASAppCell.xib in Resources */ = {isa = PBXBuildFile; fileRef = D68D3363156C12BD009C9F78 /* MASAppCell.xib */; };
		D6AC9521156BF35400A2E566 /* Security.framework in Frameworks */ = {isa = PBXBuildFile; fileRef = D6AC9520156BF35400A2E566 /* Security.framework */; };
		D6AC9524156BF5D900A2E566 /* MASHTTPClient.m in Sources */ = {isa = PBXBuildFile; fileRef = D6AC9523156BF5D900A2E566 /* MASHTTPClient.m */; };
		D6AC953B156BF60200A2E566 /* AFHTTPClient.m in Sources */ = {isa = PBXBuildFile; fileRef = D6AC9527156BF60200A2E566 /* AFHTTPClient.m */; settings = {COMPILER_FLAGS = "-fno-objc-arc"; }; };
		D6AC953C156BF60200A2E566 /* AFHTTPRequestOperation.m in Sources */ = {isa = PBXBuildFile; fileRef = D6AC9529156BF60200A2E566 /* AFHTTPRequestOperation.m */; settings = {COMPILER_FLAGS = "-fno-objc-arc"; }; };
		D6AC953D156BF60200A2E566 /* AFImageRequestOperation.m in Sources */ = {isa = PBXBuildFile; fileRef = D6AC952B156BF60200A2E566 /* AFImageRequestOperation.m */; settings = {COMPILER_FLAGS = "-fno-objc-arc"; }; };
		D6AC953E156BF60200A2E566 /* AFJSONRequestOperation.m in Sources */ = {isa = PBXBuildFile; fileRef = D6AC952D156BF60200A2E566 /* AFJSONRequestOperation.m */; settings = {COMPILER_FLAGS = "-fno-objc-arc"; }; };
		D6AC953F156BF60200A2E566 /* AFJSONUtilities.m in Sources */ = {isa = PBXBuildFile; fileRef = D6AC952F156BF60200A2E566 /* AFJSONUtilities.m */; settings = {COMPILER_FLAGS = "-fno-objc-arc"; }; };
		D6AC9540156BF60200A2E566 /* AFNetworkActivityIndicatorManager.m in Sources */ = {isa = PBXBuildFile; fileRef = D6AC9531156BF60200A2E566 /* AFNetworkActivityIndicatorManager.m */; settings = {COMPILER_FLAGS = "-fno-objc-arc"; }; };
		D6AC9541156BF60200A2E566 /* AFPropertyListRequestOperation.m in Sources */ = {isa = PBXBuildFile; fileRef = D6AC9534156BF60200A2E566 /* AFPropertyListRequestOperation.m */; settings = {COMPILER_FLAGS = "-fno-objc-arc"; }; };
		D6AC9542156BF60200A2E566 /* AFURLConnectionOperation.m in Sources */ = {isa = PBXBuildFile; fileRef = D6AC9536156BF60200A2E566 /* AFURLConnectionOperation.m */; settings = {COMPILER_FLAGS = "-fno-objc-arc"; }; };
		D6AC9543156BF60200A2E566 /* AFXMLRequestOperation.m in Sources */ = {isa = PBXBuildFile; fileRef = D6AC9538156BF60200A2E566 /* AFXMLRequestOperation.m */; settings = {COMPILER_FLAGS = "-fno-objc-arc"; }; };
		D6AC9544156BF60200A2E566 /* UIImageView+AFNetworking.m in Sources */ = {isa = PBXBuildFile; fileRef = D6AC953A156BF60200A2E566 /* UIImageView+AFNetworking.m */; settings = {COMPILER_FLAGS = "-fno-objc-arc"; }; };
		D6AFFC95156C2F5E00D45F11 /* TTTTimeIntervalFormatter.m in Sources */ = {isa = PBXBuildFile; fileRef = D6AFFC94156C2F5E00D45F11 /* TTTTimeIntervalFormatter.m */; settings = {COMPILER_FLAGS = "-fno-objc-arc"; }; };
		D6AFFC9A156C3A8E00D45F11 /* Default.png in Resources */ = {isa = PBXBuildFile; fileRef = D6AFFC98156C3A8E00D45F11 /* Default.png */; };
		D6AFFC9B156C3A8E00D45F11 /* Default@2x.png in Resources */ = {isa = PBXBuildFile; fileRef = D6AFFC99156C3A8E00D45F11 /* Default@2x.png */; };
		D6AFFCA0156C3C0400D45F11 /* Default-Landscape.png in Resources */ = {isa = PBXBuildFile; fileRef = D6AFFC9C156C3C0400D45F11 /* Default-Landscape.png */; };
		D6AFFCA1156C3C0400D45F11 /* Default-Landscape@2x.png in Resources */ = {isa = PBXBuildFile; fileRef = D6AFFC9D156C3C0400D45F11 /* Default-Landscape@2x.png */; };
		D6AFFCA2156C3C0400D45F11 /* Default-Portrait.png in Resources */ = {isa = PBXBuildFile; fileRef = D6AFFC9E156C3C0400D45F11 /* Default-Portrait.png */; };
		D6AFFCA3156C3C0400D45F11 /* Default-Portrait@2x.png in Resources */ = {isa = PBXBuildFile; fileRef = D6AFFC9F156C3C0400D45F11 /* Default-Portrait@2x.png */; };
		D6AFFCA8156C3F6E00D45F11 /* Icon-72.png in Resources */ = {isa = PBXBuildFile; fileRef = D6AFFCA4156C3F6E00D45F11 /* Icon-72.png */; };
		D6AFFCA9156C3F6E00D45F11 /* Icon-144.png in Resources */ = {isa = PBXBuildFile; fileRef = D6AFFCA5156C3F6E00D45F11 /* Icon-144.png */; };
		D6AFFCAA156C3F6E00D45F11 /* Icon.png in Resources */ = {isa = PBXBuildFile; fileRef = D6AFFCA6156C3F6E00D45F11 /* Icon.png */; };
		D6AFFCAB156C3F6E00D45F11 /* Icon@2x.png in Resources */ = {isa = PBXBuildFile; fileRef = D6AFFCA7156C3F6E00D45F11 /* Icon@2x.png */; };
/* End PBXBuildFile section */

/* Begin PBXFileReference section */
		D63313DE156C29B40001464C /* MASStatusEntryCell.h */ = {isa = PBXFileReference; fileEncoding = 4; lastKnownFileType = sourcecode.c.h; path = MASStatusEntryCell.h; sourceTree = "<group>"; };
		D63313DF156C29B40001464C /* MASStatusEntryCell.m */ = {isa = PBXFileReference; fileEncoding = 4; lastKnownFileType = sourcecode.c.objc; path = MASStatusEntryCell.m; sourceTree = "<group>"; };
		D63313E1156C29C30001464C /* MASStatusEntryCell.xib */ = {isa = PBXFileReference; fileEncoding = 4; lastKnownFileType = file.xib; path = MASStatusEntryCell.xib; sourceTree = "<group>"; };
		D641960A156BEFE6009D6F87 /* My App Status.app */ = {isa = PBXFileReference; explicitFileType = wrapper.application; includeInIndex = 0; path = "My App Status.app"; sourceTree = BUILT_PRODUCTS_DIR; };
		D641960E156BEFE6009D6F87 /* UIKit.framework */ = {isa = PBXFileReference; lastKnownFileType = wrapper.framework; name = UIKit.framework; path = System/Library/Frameworks/UIKit.framework; sourceTree = SDKROOT; };
		D6419610156BEFE6009D6F87 /* Foundation.framework */ = {isa = PBXFileReference; lastKnownFileType = wrapper.framework; name = Foundation.framework; path = System/Library/Frameworks/Foundation.framework; sourceTree = SDKROOT; };
		D6419612156BEFE6009D6F87 /* CoreGraphics.framework */ = {isa = PBXFileReference; lastKnownFileType = wrapper.framework; name = CoreGraphics.framework; path = System/Library/Frameworks/CoreGraphics.framework; sourceTree = SDKROOT; };
		D6419616156BEFE6009D6F87 /* My App Status-Info.plist */ = {isa = PBXFileReference; lastKnownFileType = text.plist.xml; path = "My App Status-Info.plist"; sourceTree = "<group>"; };
		D6419618156BEFE6009D6F87 /* en */ = {isa = PBXFileReference; lastKnownFileType = text.plist.strings; name = en; path = en.lproj/InfoPlist.strings; sourceTree = "<group>"; };
		D641961A156BEFE6009D6F87 /* main.m */ = {isa = PBXFileReference; lastKnownFileType = sourcecode.c.objc; path = main.m; sourceTree = "<group>"; };
		D641961C156BEFE6009D6F87 /* My App Status-Prefix.pch */ = {isa = PBXFileReference; lastKnownFileType = sourcecode.c.h; path = "My App Status-Prefix.pch"; sourceTree = "<group>"; };
		D641961D156BEFE6009D6F87 /* MASAppDelegate.h */ = {isa = PBXFileReference; lastKnownFileType = sourcecode.c.h; path = MASAppDelegate.h; sourceTree = "<group>"; };
		D641961E156BEFE6009D6F87 /* MASAppDelegate.m */ = {isa = PBXFileReference; lastKnownFileType = sourcecode.c.objc; path = MASAppDelegate.m; sourceTree = "<group>"; };
		D641963D156BF1D2009D6F87 /* MASSettings.h */ = {isa = PBXFileReference; fileEncoding = 4; lastKnownFileType = sourcecode.c.h; path = MASSettings.h; sourceTree = "<group>"; };
		D641963E156BF1D2009D6F87 /* MASSettings.m */ = {isa = PBXFileReference; fileEncoding = 4; lastKnownFileType = sourcecode.c.objc; path = MASSettings.m; sourceTree = "<group>"; };
		D6419642156BF233009D6F87 /* MBProgressHUD.h */ = {isa = PBXFileReference; fileEncoding = 4; lastKnownFileType = sourcecode.c.h; path = MBProgressHUD.h; sourceTree = "<group>"; };
		D6419643156BF233009D6F87 /* MBProgressHUD.m */ = {isa = PBXFileReference; fileEncoding = 4; lastKnownFileType = sourcecode.c.objc; path = MBProgressHUD.m; sourceTree = "<group>"; };
		D6419644156BF233009D6F87 /* MBProgressHUD.xcworkspace */ = {isa = PBXFileReference; lastKnownFileType = wrapper.workspace; path = MBProgressHUD.xcworkspace; sourceTree = "<group>"; };
		D6419648156BF27D009D6F87 /* SFHFKeychainUtils.h */ = {isa = PBXFileReference; fileEncoding = 4; lastKnownFileType = sourcecode.c.h; path = SFHFKeychainUtils.h; sourceTree = "<group>"; };
		D6419649156BF27D009D6F87 /* SFHFKeychainUtils.m */ = {isa = PBXFileReference; fileEncoding = 4; lastKnownFileType = sourcecode.c.objc; path = SFHFKeychainUtils.m; sourceTree = "<group>"; };
		D65739AB156C24AF0087D8AD /* UIColor_MASAdditions.h */ = {isa = PBXFileReference; fileEncoding = 4; lastKnownFileType = sourcecode.c.h; path = UIColor_MASAdditions.h; sourceTree = "<group>"; };
		D65739AC156C24AF0087D8AD /* UIColor_MASAdditions.m */ = {isa = PBXFileReference; fileEncoding = 4; lastKnownFileType = sourcecode.c.objc; path = UIColor_MASAdditions.m; sourceTree = "<group>"; };
		D686C256156C0796002678AE /* MASDetailViewController.h */ = {isa = PBXFileReference; fileEncoding = 4; lastKnownFileType = sourcecode.c.h; path = MASDetailViewController.h; sourceTree = "<group>"; };
		D686C257156C0796002678AE /* MASDetailViewController.m */ = {isa = PBXFileReference; fileEncoding = 4; lastKnownFileType = sourcecode.c.objc; path = MASDetailViewController.m; sourceTree = "<group>"; };
		D686C258156C0796002678AE /* MASMasterViewController.h */ = {isa = PBXFileReference; fileEncoding = 4; lastKnownFileType = sourcecode.c.h; path = MASMasterViewController.h; sourceTree = "<group>"; };
		D686C259156C0796002678AE /* MASMasterViewController.m */ = {isa = PBXFileReference; fileEncoding = 4; lastKnownFileType = sourcecode.c.objc; path = MASMasterViewController.m; sourceTree = "<group>"; };
		D686C25D156C07B8002678AE /* MASDetailViewController.xib */ = {isa = PBXFileReference; fileEncoding = 4; lastKnownFileType = file.xib; path = MASDetailViewController.xib; sourceTree = "<group>"; };
		D686C25E156C07B8002678AE /* MASMasterViewController.xib */ = {isa = PBXFileReference; fileEncoding = 4; lastKnownFileType = file.xib; path = MASMasterViewController.xib; sourceTree = "<group>"; };
		D686C262156C07D8002678AE /* MASLoginViewController.h */ = {isa = PBXFileReference; fileEncoding = 4; lastKnownFileType = sourcecode.c.h; path = MASLoginViewController.h; sourceTree = "<group>"; };
		D686C263156C07D8002678AE /* MASLoginViewController.m */ = {isa = PBXFileReference; fileEncoding = 4; lastKnownFileType = sourcecode.c.objc; path = MASLoginViewController.m; sourceTree = "<group>"; };
		D686C264156C07D8002678AE /* MASLoginViewController.xib */ = {isa = PBXFileReference; fileEncoding = 4; lastKnownFileType = file.xib; path = MASLoginViewController.xib; sourceTree = "<group>"; };
		D68D335F156C12A9009C9F78 /* MASAppCell.h */ = {isa = PBXFileReference; fileEncoding = 4; lastKnownFileType = sourcecode.c.h; path = MASAppCell.h; sourceTree = "<group>"; };
		D68D3360156C12A9009C9F78 /* MASAppCell.m */ = {isa = PBXFileReference; fileEncoding = 4; lastKnownFileType = sourcecode.c.objc; path = MASAppCell.m; sourceTree = "<group>"; };
		D68D3363156C12BD009C9F78 /* MASAppCell.xib */ = {isa = PBXFileReference; fileEncoding = 4; lastKnownFileType = file.xib; path = MASAppCell.xib; sourceTree = "<group>"; };
		D6AC9520156BF35400A2E566 /* Security.framework */ = {isa = PBXFileReference; lastKnownFileType = wrapper.framework; name = Security.framework; path = System/Library/Frameworks/Security.framework; sourceTree = SDKROOT; };
		D6AC9522156BF5D900A2E566 /* MASHTTPClient.h */ = {isa = PBXFileReference; fileEncoding = 4; lastKnownFileType = sourcecode.c.h; path = MASHTTPClient.h; sourceTree = "<group>"; };
		D6AC9523156BF5D900A2E566 /* MASHTTPClient.m */ = {isa = PBXFileReference; fileEncoding = 4; lastKnownFileType = sourcecode.c.objc; path = MASHTTPClient.m; sourceTree = "<group>"; };
		D6AC9526156BF60200A2E566 /* AFHTTPClient.h */ = {isa = PBXFileReference; fileEncoding = 4; lastKnownFileType = sourcecode.c.h; path = AFHTTPClient.h; sourceTree = "<group>"; };
		D6AC9527156BF60200A2E566 /* AFHTTPClient.m */ = {isa = PBXFileReference; fileEncoding = 4; lastKnownFileType = sourcecode.c.objc; path = AFHTTPClient.m; sourceTree = "<group>"; };
		D6AC9528156BF60200A2E566 /* AFHTTPRequestOperation.h */ = {isa = PBXFileReference; fileEncoding = 4; lastKnownFileType = sourcecode.c.h; path = AFHTTPRequestOperation.h; sourceTree = "<group>"; };
		D6AC9529156BF60200A2E566 /* AFHTTPRequestOperation.m */ = {isa = PBXFileReference; fileEncoding = 4; lastKnownFileType = sourcecode.c.objc; path = AFHTTPRequestOperation.m; sourceTree = "<group>"; };
		D6AC952A156BF60200A2E566 /* AFImageRequestOperation.h */ = {isa = PBXFileReference; fileEncoding = 4; lastKnownFileType = sourcecode.c.h; path = AFImageRequestOperation.h; sourceTree = "<group>"; };
		D6AC952B156BF60200A2E566 /* AFImageRequestOperation.m */ = {isa = PBXFileReference; fileEncoding = 4; lastKnownFileType = sourcecode.c.objc; path = AFImageRequestOperation.m; sourceTree = "<group>"; };
		D6AC952C156BF60200A2E566 /* AFJSONRequestOperation.h */ = {isa = PBXFileReference; fileEncoding = 4; lastKnownFileType = sourcecode.c.h; path = AFJSONRequestOperation.h; sourceTree = "<group>"; };
		D6AC952D156BF60200A2E566 /* AFJSONRequestOperation.m */ = {isa = PBXFileReference; fileEncoding = 4; lastKnownFileType = sourcecode.c.objc; path = AFJSONRequestOperation.m; sourceTree = "<group>"; };
		D6AC952E156BF60200A2E566 /* AFJSONUtilities.h */ = {isa = PBXFileReference; fileEncoding = 4; lastKnownFileType = sourcecode.c.h; path = AFJSONUtilities.h; sourceTree = "<group>"; };
		D6AC952F156BF60200A2E566 /* AFJSONUtilities.m */ = {isa = PBXFileReference; fileEncoding = 4; lastKnownFileType = sourcecode.c.objc; path = AFJSONUtilities.m; sourceTree = "<group>"; };
		D6AC9530156BF60200A2E566 /* AFNetworkActivityIndicatorManager.h */ = {isa = PBXFileReference; fileEncoding = 4; lastKnownFileType = sourcecode.c.h; path = AFNetworkActivityIndicatorManager.h; sourceTree = "<group>"; };
		D6AC9531156BF60200A2E566 /* AFNetworkActivityIndicatorManager.m */ = {isa = PBXFileReference; fileEncoding = 4; lastKnownFileType = sourcecode.c.objc; path = AFNetworkActivityIndicatorManager.m; sourceTree = "<group>"; };
		D6AC9532156BF60200A2E566 /* AFNetworking.h */ = {isa = PBXFileReference; fileEncoding = 4; lastKnownFileType = sourcecode.c.h; path = AFNetworking.h; sourceTree = "<group>"; };
		D6AC9533156BF60200A2E566 /* AFPropertyListRequestOperation.h */ = {isa = PBXFileReference; fileEncoding = 4; lastKnownFileType = sourcecode.c.h; path = AFPropertyListRequestOperation.h; sourceTree = "<group>"; };
		D6AC9534156BF60200A2E566 /* AFPropertyListRequestOperation.m */ = {isa = PBXFileReference; fileEncoding = 4; lastKnownFileType = sourcecode.c.objc; path = AFPropertyListRequestOperation.m; sourceTree = "<group>"; };
		D6AC9535156BF60200A2E566 /* AFURLConnectionOperation.h */ = {isa = PBXFileReference; fileEncoding = 4; lastKnownFileType = sourcecode.c.h; path = AFURLConnectionOperation.h; sourceTree = "<group>"; };
		D6AC9536156BF60200A2E566 /* AFURLConnectionOperation.m */ = {isa = PBXFileReference; fileEncoding = 4; lastKnownFileType = sourcecode.c.objc; path = AFURLConnectionOperation.m; sourceTree = "<group>"; };
		D6AC9537156BF60200A2E566 /* AFXMLRequestOperation.h */ = {isa = PBXFileReference; fileEncoding = 4; lastKnownFileType = sourcecode.c.h; path = AFXMLRequestOperation.h; sourceTree = "<group>"; };
		D6AC9538156BF60200A2E566 /* AFXMLRequestOperation.m */ = {isa = PBXFileReference; fileEncoding = 4; lastKnownFileType = sourcecode.c.objc; path = AFXMLRequestOperation.m; sourceTree = "<group>"; };
		D6AC9539156BF60200A2E566 /* UIImageView+AFNetworking.h */ = {isa = PBXFileReference; fileEncoding = 4; lastKnownFileType = sourcecode.c.h; path = "UIImageView+AFNetworking.h"; sourceTree = "<group>"; };
		D6AC953A156BF60200A2E566 /* UIImageView+AFNetworking.m */ = {isa = PBXFileReference; fileEncoding = 4; lastKnownFileType = sourcecode.c.objc; path = "UIImageView+AFNetworking.m"; sourceTree = "<group>"; };
		D6AC9545156BF80200A2E566 /* CWLSynthesizeSingleton.h */ = {isa = PBXFileReference; lastKnownFileType = sourcecode.c.h; path = CWLSynthesizeSingleton.h; sourceTree = "<group>"; };
		D6AFFC93156C2F5E00D45F11 /* TTTTimeIntervalFormatter.h */ = {isa = PBXFileReference; fileEncoding = 4; lastKnownFileType = sourcecode.c.h; path = TTTTimeIntervalFormatter.h; sourceTree = "<group>"; };
		D6AFFC94156C2F5E00D45F11 /* TTTTimeIntervalFormatter.m */ = {isa = PBXFileReference; fileEncoding = 4; lastKnownFileType = sourcecode.c.objc; path = TTTTimeIntervalFormatter.m; sourceTree = "<group>"; };
		D6AFFC98156C3A8E00D45F11 /* Default.png */ = {isa = PBXFileReference; lastKnownFileType = image.png; path = Default.png; sourceTree = "<group>"; };
		D6AFFC99156C3A8E00D45F11 /* Default@2x.png */ = {isa = PBXFileReference; lastKnownFileType = image.png; path = "Default@2x.png"; sourceTree = "<group>"; };
		D6AFFC9C156C3C0400D45F11 /* Default-Landscape.png */ = {isa = PBXFileReference; lastKnownFileType = image.png; path = "Default-Landscape.png"; sourceTree = "<group>"; };
		D6AFFC9D156C3C0400D45F11 /* Default-Landscape@2x.png */ = {isa = PBXFileReference; lastKnownFileType = image.png; path = "Default-Landscape@2x.png"; sourceTree = "<group>"; };
		D6AFFC9E156C3C0400D45F11 /* Default-Portrait.png */ = {isa = PBXFileReference; lastKnownFileType = image.png; path = "Default-Portrait.png"; sourceTree = "<group>"; };
		D6AFFC9F156C3C0400D45F11 /* Default-Portrait@2x.png */ = {isa = PBXFileReference; lastKnownFileType = image.png; path = "Default-Portrait@2x.png"; sourceTree = "<group>"; };
		D6AFFCA4156C3F6E00D45F11 /* Icon-72.png */ = {isa = PBXFileReference; lastKnownFileType = image.png; path = "Icon-72.png"; sourceTree = "<group>"; };
		D6AFFCA5156C3F6E00D45F11 /* Icon-144.png */ = {isa = PBXFileReference; lastKnownFileType = image.png; path = "Icon-144.png"; sourceTree = "<group>"; };
		D6AFFCA6156C3F6E00D45F11 /* Icon.png */ = {isa = PBXFileReference; lastKnownFileType = image.png; path = Icon.png; sourceTree = "<group>"; };
		D6AFFCA7156C3F6E00D45F11 /* Icon@2x.png */ = {isa = PBXFileReference; lastKnownFileType = image.png; path = "Icon@2x.png"; sourceTree = "<group>"; };
/* End PBXFileReference section */

/* Begin PBXFrameworksBuildPhase section */
		D6419607156BEFE6009D6F87 /* Frameworks */ = {
			isa = PBXFrameworksBuildPhase;
			buildActionMask = 2147483647;
			files = (
				D6AC9521156BF35400A2E566 /* Security.framework in Frameworks */,
				D641960F156BEFE6009D6F87 /* UIKit.framework in Frameworks */,
				D6419611156BEFE6009D6F87 /* Foundation.framework in Frameworks */,
				D6419613156BEFE6009D6F87 /* CoreGraphics.framework in Frameworks */,
			);
			runOnlyForDeploymentPostprocessing = 0;
		};
/* End PBXFrameworksBuildPhase section */

/* Begin PBXGroup section */
		D64195FF156BEFE5009D6F87 = {
			isa = PBXGroup;
			children = (
				D6419614156BEFE6009D6F87 /* My App Status */,
				D641960D156BEFE6009D6F87 /* Frameworks */,
				D641960B156BEFE6009D6F87 /* Products */,
			);
			sourceTree = "<group>";
		};
		D641960B156BEFE6009D6F87 /* Products */ = {
			isa = PBXGroup;
			children = (
				D641960A156BEFE6009D6F87 /* My App Status.app */,
			);
			name = Products;
			sourceTree = "<group>";
		};
		D641960D156BEFE6009D6F87 /* Frameworks */ = {
			isa = PBXGroup;
			children = (
				D6AC9520156BF35400A2E566 /* Security.framework */,
				D641960E156BEFE6009D6F87 /* UIKit.framework */,
				D6419610156BEFE6009D6F87 /* Foundation.framework */,
				D6419612156BEFE6009D6F87 /* CoreGraphics.framework */,
			);
			name = Frameworks;
			sourceTree = "<group>";
		};
		D6419614156BEFE6009D6F87 /* My App Status */ = {
			isa = PBXGroup;
			children = (
				D6AFFC97156C3A8E00D45F11 /* assets */,
				D65739A7156C24350087D8AD /* Extensions */,
				D6419640156BF205009D6F87 /* 3rdParty */,
				D641963C156BF1B2009D6F87 /* Models */,
				D686C255156C0747002678AE /* View Controllers */,
				D641961D156BEFE6009D6F87 /* MASAppDelegate.h */,
				D641961E156BEFE6009D6F87 /* MASAppDelegate.m */,
				D6419615156BEFE6009D6F87 /* Supporting Files */,
			);
			path = "My App Status";
			sourceTree = "<group>";
		};
		D6419615156BEFE6009D6F87 /* Supporting Files */ = {
			isa = PBXGroup;
			children = (
				D6419616156BEFE6009D6F87 /* My App Status-Info.plist */,
				D6419617156BEFE6009D6F87 /* InfoPlist.strings */,
				D641961A156BEFE6009D6F87 /* main.m */,
				D641961C156BEFE6009D6F87 /* My App Status-Prefix.pch */,
			);
			name = "Supporting Files";
			sourceTree = "<group>";
		};
		D641963C156BF1B2009D6F87 /* Models */ = {
			isa = PBXGroup;
			children = (
				D641963D156BF1D2009D6F87 /* MASSettings.h */,
				D641963E156BF1D2009D6F87 /* MASSettings.m */,
				D6AC9522156BF5D900A2E566 /* MASHTTPClient.h */,
				D6AC9523156BF5D900A2E566 /* MASHTTPClient.m */,
			);
			name = Models;
			path = models;
			sourceTree = "<group>";
		};
		D6419640156BF205009D6F87 /* 3rdParty */ = {
			isa = PBXGroup;
			children = (
				D6AC9545156BF80200A2E566 /* CWLSynthesizeSingleton.h */,
				D6AC9525156BF60200A2E566 /* AFNetworking */,
				D6419647156BF27D009D6F87 /* SFHFKeychain */,
				D6419641156BF233009D6F87 /* MBProgressHUD */,
				D6AFFC92156C2F5E00D45F11 /* TTTTimeIntervalFormatter */,
			);
			path = 3rdParty;
			sourceTree = "<group>";
		};
		D6419641156BF233009D6F87 /* MBProgressHUD */ = {
			isa = PBXGroup;
			children = (
				D6419642156BF233009D6F87 /* MBProgressHUD.h */,
				D6419643156BF233009D6F87 /* MBProgressHUD.m */,
				D6419644156BF233009D6F87 /* MBProgressHUD.xcworkspace */,
			);
			path = MBProgressHUD;
			sourceTree = "<group>";
		};
		D6419647156BF27D009D6F87 /* SFHFKeychain */ = {
			isa = PBXGroup;
			children = (
				D6419648156BF27D009D6F87 /* SFHFKeychainUtils.h */,
				D6419649156BF27D009D6F87 /* SFHFKeychainUtils.m */,
			);
			path = SFHFKeychain;
			sourceTree = "<group>";
		};
		D65739A7156C24350087D8AD /* Extensions */ = {
			isa = PBXGroup;
			children = (
				D65739AB156C24AF0087D8AD /* UIColor_MASAdditions.h */,
				D65739AC156C24AF0087D8AD /* UIColor_MASAdditions.m */,
			);
			name = Extensions;
			path = extensions;
			sourceTree = "<group>";
		};
		D686C255156C0747002678AE /* View Controllers */ = {
			isa = PBXGroup;
			children = (
				D686C256156C0796002678AE /* MASDetailViewController.h */,
				D686C257156C0796002678AE /* MASDetailViewController.m */,
				D686C25D156C07B8002678AE /* MASDetailViewController.xib */,
				D686C262156C07D8002678AE /* MASLoginViewController.h */,
				D686C263156C07D8002678AE /* MASLoginViewController.m */,
				D686C264156C07D8002678AE /* MASLoginViewController.xib */,
				D686C258156C0796002678AE /* MASMasterViewController.h */,
				D686C259156C0796002678AE /* MASMasterViewController.m */,
				D686C25E156C07B8002678AE /* MASMasterViewController.xib */,
				D68D335F156C12A9009C9F78 /* MASAppCell.h */,
				D68D3360156C12A9009C9F78 /* MASAppCell.m */,
				D68D3363156C12BD009C9F78 /* MASAppCell.xib */,
				D63313DE156C29B40001464C /* MASStatusEntryCell.h */,
				D63313DF156C29B40001464C /* MASStatusEntryCell.m */,
				D63313E1156C29C30001464C /* MASStatusEntryCell.xib */,
			);
			name = "View Controllers";
			path = viewcontrollers;
			sourceTree = "<group>";
		};
		D6AC9525156BF60200A2E566 /* AFNetworking */ = {
			isa = PBXGroup;
			children = (
				D6AC9526156BF60200A2E566 /* AFHTTPClient.h */,
				D6AC9527156BF60200A2E566 /* AFHTTPClient.m */,
				D6AC9528156BF60200A2E566 /* AFHTTPRequestOperation.h */,
				D6AC9529156BF60200A2E566 /* AFHTTPRequestOperation.m */,
				D6AC952A156BF60200A2E566 /* AFImageRequestOperation.h */,
				D6AC952B156BF60200A2E566 /* AFImageRequestOperation.m */,
				D6AC952C156BF60200A2E566 /* AFJSONRequestOperation.h */,
				D6AC952D156BF60200A2E566 /* AFJSONRequestOperation.m */,
				D6AC952E156BF60200A2E566 /* AFJSONUtilities.h */,
				D6AC952F156BF60200A2E566 /* AFJSONUtilities.m */,
				D6AC9530156BF60200A2E566 /* AFNetworkActivityIndicatorManager.h */,
				D6AC9531156BF60200A2E566 /* AFNetworkActivityIndicatorManager.m */,
				D6AC9532156BF60200A2E566 /* AFNetworking.h */,
				D6AC9533156BF60200A2E566 /* AFPropertyListRequestOperation.h */,
				D6AC9534156BF60200A2E566 /* AFPropertyListRequestOperation.m */,
				D6AC9535156BF60200A2E566 /* AFURLConnectionOperation.h */,
				D6AC9536156BF60200A2E566 /* AFURLConnectionOperation.m */,
				D6AC9537156BF60200A2E566 /* AFXMLRequestOperation.h */,
				D6AC9538156BF60200A2E566 /* AFXMLRequestOperation.m */,
				D6AC9539156BF60200A2E566 /* UIImageView+AFNetworking.h */,
				D6AC953A156BF60200A2E566 /* UIImageView+AFNetworking.m */,
			);
			path = AFNetworking;
			sourceTree = "<group>";
		};
		D6AFFC92156C2F5E00D45F11 /* TTTTimeIntervalFormatter */ = {
			isa = PBXGroup;
			children = (
				D6AFFC93156C2F5E00D45F11 /* TTTTimeIntervalFormatter.h */,
				D6AFFC94156C2F5E00D45F11 /* TTTTimeIntervalFormatter.m */,
			);
			path = TTTTimeIntervalFormatter;
			sourceTree = "<group>";
		};
		D6AFFC97156C3A8E00D45F11 /* assets */ = {
			isa = PBXGroup;
			children = (
				D6AFFCA4156C3F6E00D45F11 /* Icon-72.png */,
				D6AFFCA5156C3F6E00D45F11 /* Icon-144.png */,
				D6AFFCA6156C3F6E00D45F11 /* Icon.png */,
				D6AFFCA7156C3F6E00D45F11 /* Icon@2x.png */,
				D6AFFC9C156C3C0400D45F11 /* Default-Landscape.png */,
				D6AFFC9D156C3C0400D45F11 /* Default-Landscape@2x.png */,
				D6AFFC9E156C3C0400D45F11 /* Default-Portrait.png */,
				D6AFFC9F156C3C0400D45F11 /* Default-Portrait@2x.png */,
				D6AFFC98156C3A8E00D45F11 /* Default.png */,
				D6AFFC99156C3A8E00D45F11 /* Default@2x.png */,
			);
			path = assets;
			sourceTree = "<group>";
		};
/* End PBXGroup section */

/* Begin PBXNativeTarget section */
		D6419609156BEFE6009D6F87 /* My App Status */ = {
			isa = PBXNativeTarget;
			buildConfigurationList = D6419634156BEFE6009D6F87 /* Build configuration list for PBXNativeTarget "My App Status" */;
			buildPhases = (
				D6419606156BEFE6009D6F87 /* Sources */,
				D6419607156BEFE6009D6F87 /* Frameworks */,
				D6419608156BEFE6009D6F87 /* Resources */,
			);
			buildRules = (
			);
			dependencies = (
			);
			name = "My App Status";
			productName = "My App Status";
			productReference = D641960A156BEFE6009D6F87 /* My App Status.app */;
			productType = "com.apple.product-type.application";
		};
/* End PBXNativeTarget section */

/* Begin PBXProject section */
		D6419601156BEFE5009D6F87 /* Project object */ = {
			isa = PBXProject;
			attributes = {
				CLASSPREFIX = MAS;
				LastUpgradeCheck = 0430;
				ORGANIZATIONNAME = "roobasoft, LLC";
			};
			buildConfigurationList = D6419604156BEFE5009D6F87 /* Build configuration list for PBXProject "My App Status" */;
			compatibilityVersion = "Xcode 3.2";
			developmentRegion = English;
			hasScannedForEncodings = 0;
			knownRegions = (
				en,
			);
			mainGroup = D64195FF156BEFE5009D6F87;
			productRefGroup = D641960B156BEFE6009D6F87 /* Products */;
			projectDirPath = "";
			projectRoot = "";
			targets = (
				D6419609156BEFE6009D6F87 /* My App Status */,
			);
		};
/* End PBXProject section */

/* Begin PBXResourcesBuildPhase section */
		D6419608156BEFE6009D6F87 /* Resources */ = {
			isa = PBXResourcesBuildPhase;
			buildActionMask = 2147483647;
			files = (
				D6419619156BEFE6009D6F87 /* InfoPlist.strings in Resources */,
				D6419646156BF233009D6F87 /* MBProgressHUD.xcworkspace in Resources */,
				D686C260156C07B8002678AE /* MASDetailViewController.xib in Resources */,
				D686C261156C07B8002678AE /* MASMasterViewController.xib in Resources */,
				D686C266156C07D8002678AE /* MASLoginViewController.xib in Resources */,
				D68D3364156C12BD009C9F78 /* MASAppCell.xib in Resources */,
				D63313E2156C29C30001464C /* MASStatusEntryCell.xib in Resources */,
				D6AFFC9A156C3A8E00D45F11 /* Default.png in Resources */,
				D6AFFC9B156C3A8E00D45F11 /* Default@2x.png in Resources */,
				D6AFFCA0156C3C0400D45F11 /* Default-Landscape.png in Resources */,
				D6AFFCA1156C3C0400D45F11 /* Default-Landscape@2x.png in Resources */,
				D6AFFCA2156C3C0400D45F11 /* Default-Portrait.png in Resources */,
				D6AFFCA3156C3C0400D45F11 /* Default-Portrait@2x.png in Resources */,
				D6AFFCA8156C3F6E00D45F11 /* Icon-72.png in Resources */,
				D6AFFCA9156C3F6E00D45F11 /* Icon-144.png in Resources */,
				D6AFFCAA156C3F6E00D45F11 /* Icon.png in Resources */,
				D6AFFCAB156C3F6E00D45F11 /* Icon@2x.png in Resources */,
			);
			runOnlyForDeploymentPostprocessing = 0;
		};
/* End PBXResourcesBuildPhase section */

/* Begin PBXSourcesBuildPhase section */
		D6419606156BEFE6009D6F87 /* Sources */ = {
			isa = PBXSourcesBuildPhase;
			buildActionMask = 2147483647;
			files = (
				D641961B156BEFE6009D6F87 /* main.m in Sources */,
				D641961F156BEFE6009D6F87 /* MASAppDelegate.m in Sources */,
				D641963F156BF1D2009D6F87 /* MASSettings.m in Sources */,
				D6419645156BF233009D6F87 /* MBProgressHUD.m in Sources */,
				D641964A156BF27D009D6F87 /* SFHFKeychainUtils.m in Sources */,
				D6AC9524156BF5D900A2E566 /* MASHTTPClient.m in Sources */,
				D6AC953B156BF60200A2E566 /* AFHTTPClient.m in Sources */,
				D6AC953C156BF60200A2E566 /* AFHTTPRequestOperation.m in Sources */,
				D6AC953D156BF60200A2E566 /* AFImageRequestOperation.m in Sources */,
				D6AC953E156BF60200A2E566 /* AFJSONRequestOperation.m in Sources */,
				D6AC953F156BF60200A2E566 /* AFJSONUtilities.m in Sources */,
				D6AC9540156BF60200A2E566 /* AFNetworkActivityIndicatorManager.m in Sources */,
				D6AC9541156BF60200A2E566 /* AFPropertyListRequestOperation.m in Sources */,
				D6AC9542156BF60200A2E566 /* AFURLConnectionOperation.m in Sources */,
				D6AC9543156BF60200A2E566 /* AFXMLRequestOperation.m in Sources */,
				D6AC9544156BF60200A2E566 /* UIImageView+AFNetworking.m in Sources */,
				D686C25A156C0796002678AE /* MASDetailViewController.m in Sources */,
				D686C25B156C0796002678AE /* MASMasterViewController.m in Sources */,
				D686C265156C07D8002678AE /* MASLoginViewController.m in Sources */,
				D68D3361156C12A9009C9F78 /* MASAppCell.m in Sources */,
				D65739AD156C24AF0087D8AD /* UIColor_MASAdditions.m in Sources */,
				D63313E0156C29B40001464C /* MASStatusEntryCell.m in Sources */,
				D6AFFC95156C2F5E00D45F11 /* TTTTimeIntervalFormatter.m in Sources */,
			);
			runOnlyForDeploymentPostprocessing = 0;
		};
/* End PBXSourcesBuildPhase section */

/* Begin PBXVariantGroup section */
		D6419617156BEFE6009D6F87 /* InfoPlist.strings */ = {
			isa = PBXVariantGroup;
			children = (
				D6419618156BEFE6009D6F87 /* en */,
			);
			name = InfoPlist.strings;
			sourceTree = "<group>";
		};
/* End PBXVariantGroup section */

/* Begin XCBuildConfiguration section */
		D6419632156BEFE6009D6F87 /* Debug */ = {
			isa = XCBuildConfiguration;
			buildSettings = {
				ALWAYS_SEARCH_USER_PATHS = NO;
				ARCHS = "$(ARCHS_STANDARD_32_BIT)";
				CLANG_ENABLE_OBJC_ARC = YES;
				"CODE_SIGN_IDENTITY[sdk=iphoneos*]" = "iPhone Developer";
				COPY_PHASE_STRIP = NO;
				GCC_C_LANGUAGE_STANDARD = gnu99;
				GCC_DYNAMIC_NO_PIC = NO;
				GCC_OPTIMIZATION_LEVEL = 0;
				GCC_PREPROCESSOR_DEFINITIONS = (
					"DEBUG=1",
					"$(inherited)",
				);
				GCC_SYMBOLS_PRIVATE_EXTERN = NO;
				GCC_VERSION = com.apple.compilers.llvm.clang.1_0;
				GCC_WARN_ABOUT_RETURN_TYPE = YES;
				GCC_WARN_UNINITIALIZED_AUTOS = YES;
				GCC_WARN_UNUSED_VARIABLE = YES;
				IPHONEOS_DEPLOYMENT_TARGET = 5.0;
				SDKROOT = iphoneos;
				TARGETED_DEVICE_FAMILY = "1,2";
			};
			name = Debug;
		};
		D6419633156BEFE6009D6F87 /* Release */ = {
			isa = XCBuildConfiguration;
			buildSettings = {
				ALWAYS_SEARCH_USER_PATHS = NO;
				ARCHS = "$(ARCHS_STANDARD_32_BIT)";
				CLANG_ENABLE_OBJC_ARC = YES;
				"CODE_SIGN_IDENTITY[sdk=iphoneos*]" = "iPhone Developer";
				COPY_PHASE_STRIP = YES;
				GCC_C_LANGUAGE_STANDARD = gnu99;
				GCC_VERSION = com.apple.compilers.llvm.clang.1_0;
				GCC_WARN_ABOUT_RETURN_TYPE = YES;
				GCC_WARN_UNINITIALIZED_AUTOS = YES;
				GCC_WARN_UNUSED_VARIABLE = YES;
				IPHONEOS_DEPLOYMENT_TARGET = 5.0;
				OTHER_CFLAGS = "-DNS_BLOCK_ASSERTIONS=1";
				SDKROOT = iphoneos;
				TARGETED_DEVICE_FAMILY = "1,2";
				VALIDATE_PRODUCT = YES;
			};
			name = Release;
		};
		D6419635156BEFE6009D6F87 /* Debug */ = {
			isa = XCBuildConfiguration;
			buildSettings = {
				GCC_PRECOMPILE_PREFIX_HEADER = YES;
				GCC_PREFIX_HEADER = "My App Status/My App Status-Prefix.pch";
				INFOPLIST_FILE = "My App Status/My App Status-Info.plist";
				OTHER_CFLAGS = (
					"-DDEBUG=1",
					"-Wall",
					"-Werror",
				);
				PRODUCT_NAME = "$(TARGET_NAME)";
				WRAPPER_EXTENSION = app;
			};
			name = Debug;
		};
		D6419636156BEFE6009D6F87 /* Release */ = {
			isa = XCBuildConfiguration;
			buildSettings = {
				"CODE_SIGN_IDENTITY[sdk=iphoneos*]" = "iPhone Distribution";
				GCC_PRECOMPILE_PREFIX_HEADER = YES;
				GCC_PREFIX_HEADER = "My App Status/My App Status-Prefix.pch";
				INFOPLIST_FILE = "My App Status/My App Status-Info.plist";
				PRODUCT_NAME = "$(TARGET_NAME)";
				"PROVISIONING_PROFILE[sdk=iphoneos*]" = "";
				WRAPPER_EXTENSION = app;
			};
			name = Release;
		};
/* End XCBuildConfiguration section */

/* Begin XCConfigurationList section */
		D6419604156BEFE5009D6F87 /* Build configuration list for PBXProject "My App Status" */ = {
			isa = XCConfigurationList;
			buildConfigurations = (
				D6419632156BEFE6009D6F87 /* Debug */,
				D6419633156BEFE6009D6F87 /* Release */,
			);
			defaultConfigurationIsVisible = 0;
			defaultConfigurationName = Release;
		};
		D6419634156BEFE6009D6F87 /* Build configuration list for PBXNativeTarget "My App Status" */ = {
			isa = XCConfigurationList;
			buildConfigurations = (
				D6419635156BEFE6009D6F87 /* Debug */,
				D6419636156BEFE6009D6F87 /* Release */,
			);
			defaultConfigurationIsVisible = 0;
			defaultConfigurationName = Release;
		};
/* End XCConfigurationList section */
	};
	rootObject = D6419601156BEFE5009D6F87 /* Project object */;
}
